// !$*UTF8*$!
{
	archiveVersion = 1;
	classes = {
	};
	objectVersion = 77;
	objects = {

/* Begin PBXBuildFile section */
		117E21FE2E942B4D00C96685 /* WidgetKit.framework in Frameworks */ = {isa = PBXBuildFile; fileRef = 11F1D3FE2E936C9D008E5DB4 /* WidgetKit.framework */; };
		117E21FF2E942B4D00C96685 /* SwiftUI.framework in Frameworks */ = {isa = PBXBuildFile; fileRef = 11F1D4002E936C9D008E5DB4 /* SwiftUI.framework */; };
		117E22102E942B4F00C96685 /* quote-widgetExtension.appex in Embed Foundation Extensions */ = {isa = PBXBuildFile; fileRef = 117E21FD2E942B4D00C96685 /* quote-widgetExtension.appex */; settings = {ATTRIBUTES = (RemoveHeadersOnCopy, ); }; };
/* End PBXBuildFile section */

/* Begin PBXContainerItemProxy section */
		117E220E2E942B4F00C96685 /* PBXContainerItemProxy */ = {
			isa = PBXContainerItemProxy;
			containerPortal = 11F1D3C62E9369EB008E5DB4 /* Project object */;
			proxyType = 1;
			remoteGlobalIDString = 117E21FC2E942B4D00C96685;
			remoteInfo = "quote-widgetExtension";
		};
		11F1D3DC2E9369EE008E5DB4 /* PBXContainerItemProxy */ = {
			isa = PBXContainerItemProxy;
			containerPortal = 11F1D3C62E9369EB008E5DB4 /* Project object */;
			proxyType = 1;
			remoteGlobalIDString = 11F1D3CD2E9369EC008E5DB4;
			remoteInfo = bronivate;
		};
		11F1D3E62E9369EE008E5DB4 /* PBXContainerItemProxy */ = {
			isa = PBXContainerItemProxy;
			containerPortal = 11F1D3C62E9369EB008E5DB4 /* Project object */;
			proxyType = 1;
			remoteGlobalIDString = 11F1D3CD2E9369EC008E5DB4;
			remoteInfo = bronivate;
		};
/* End PBXContainerItemProxy section */

/* Begin PBXCopyFilesBuildPhase section */
		11F1D4172E936C9F008E5DB4 /* Embed Foundation Extensions */ = {
			isa = PBXCopyFilesBuildPhase;
			buildActionMask = 2147483647;
			dstPath = "";
			dstSubfolderSpec = 13;
			files = (
				117E22102E942B4F00C96685 /* quote-widgetExtension.appex in Embed Foundation Extensions */,
			);
			name = "Embed Foundation Extensions";
			runOnlyForDeploymentPostprocessing = 0;
		};
/* End PBXCopyFilesBuildPhase section */

/* Begin PBXFileReference section */
		117E21FD2E942B4D00C96685 /* quote-widgetExtension.appex */ = {isa = PBXFileReference; explicitFileType = "wrapper.app-extension"; includeInIndex = 0; path = "quote-widgetExtension.appex"; sourceTree = BUILT_PRODUCTS_DIR; };
		11C43F252E94730000904272 /* quote-widgetExtension.entitlements */ = {isa = PBXFileReference; lastKnownFileType = text.plist.entitlements; path = "quote-widgetExtension.entitlements"; sourceTree = "<group>"; };
		11F1D3CE2E9369EC008E5DB4 /* bronivate.app */ = {isa = PBXFileReference; explicitFileType = wrapper.application; includeInIndex = 0; path = bronivate.app; sourceTree = BUILT_PRODUCTS_DIR; };
		11F1D3DB2E9369EE008E5DB4 /* bronivateTests.xctest */ = {isa = PBXFileReference; explicitFileType = wrapper.cfbundle; includeInIndex = 0; path = bronivateTests.xctest; sourceTree = BUILT_PRODUCTS_DIR; };
		11F1D3E52E9369EE008E5DB4 /* bronivateUITests.xctest */ = {isa = PBXFileReference; explicitFileType = wrapper.cfbundle; includeInIndex = 0; path = bronivateUITests.xctest; sourceTree = BUILT_PRODUCTS_DIR; };
		11F1D3FE2E936C9D008E5DB4 /* WidgetKit.framework */ = {isa = PBXFileReference; lastKnownFileType = wrapper.framework; name = WidgetKit.framework; path = System/Library/Frameworks/WidgetKit.framework; sourceTree = SDKROOT; };
		11F1D4002E936C9D008E5DB4 /* SwiftUI.framework */ = {isa = PBXFileReference; lastKnownFileType = wrapper.framework; name = SwiftUI.framework; path = System/Library/Frameworks/SwiftUI.framework; sourceTree = SDKROOT; };
/* End PBXFileReference section */

/* Begin PBXFileSystemSynchronizedBuildFileExceptionSet section */
		117E22112E942B4F00C96685 /* Exceptions for "quote-widget" folder in "quote-widgetExtension" target */ = {
			isa = PBXFileSystemSynchronizedBuildFileExceptionSet;
			membershipExceptions = (
				Info.plist,
			);
			target = 117E21FC2E942B4D00C96685 /* quote-widgetExtension */;
		};
/* End PBXFileSystemSynchronizedBuildFileExceptionSet section */

/* Begin PBXFileSystemSynchronizedRootGroup section */
		117E22002E942B4D00C96685 /* quote-widget */ = {
			isa = PBXFileSystemSynchronizedRootGroup;
			exceptions = (
				117E22112E942B4F00C96685 /* Exceptions for "quote-widget" folder in "quote-widgetExtension" target */,
			);
			path = "quote-widget";
			sourceTree = "<group>";
		};
		11F1D3D02E9369EC008E5DB4 /* bronivate */ = {
			isa = PBXFileSystemSynchronizedRootGroup;
			path = bronivate;
			sourceTree = "<group>";
		};
		11F1D3DE2E9369EE008E5DB4 /* bronivateTests */ = {
			isa = PBXFileSystemSynchronizedRootGroup;
			path = bronivateTests;
			sourceTree = "<group>";
		};
		11F1D3E82E9369EE008E5DB4 /* bronivateUITests */ = {
			isa = PBXFileSystemSynchronizedRootGroup;
			path = bronivateUITests;
			sourceTree = "<group>";
		};
/* End PBXFileSystemSynchronizedRootGroup section */

/* Begin PBXFrameworksBuildPhase section */
		117E21FA2E942B4D00C96685 /* Frameworks */ = {
			isa = PBXFrameworksBuildPhase;
			buildActionMask = 2147483647;
			files = (
				117E21FF2E942B4D00C96685 /* SwiftUI.framework in Frameworks */,
				117E21FE2E942B4D00C96685 /* WidgetKit.framework in Frameworks */,
			);
			runOnlyForDeploymentPostprocessing = 0;
		};
		11F1D3CB2E9369EC008E5DB4 /* Frameworks */ = {
			isa = PBXFrameworksBuildPhase;
			buildActionMask = 2147483647;
			files = (
			);
			runOnlyForDeploymentPostprocessing = 0;
		};
		11F1D3D82E9369EE008E5DB4 /* Frameworks */ = {
			isa = PBXFrameworksBuildPhase;
			buildActionMask = 2147483647;
			files = (
			);
			runOnlyForDeploymentPostprocessing = 0;
		};
		11F1D3E22E9369EE008E5DB4 /* Frameworks */ = {
			isa = PBXFrameworksBuildPhase;
			buildActionMask = 2147483647;
			files = (
			);
			runOnlyForDeploymentPostprocessing = 0;
		};
/* End PBXFrameworksBuildPhase section */

/* Begin PBXGroup section */
		11F1D3C52E9369EB008E5DB4 = {
			isa = PBXGroup;
			children = (
				11C43F252E94730000904272 /* quote-widgetExtension.entitlements */,
				11F1D3D02E9369EC008E5DB4 /* bronivate */,
				11F1D3DE2E9369EE008E5DB4 /* bronivateTests */,
				11F1D3E82E9369EE008E5DB4 /* bronivateUITests */,
				117E22002E942B4D00C96685 /* quote-widget */,
				11F1D3FD2E936C9D008E5DB4 /* Frameworks */,
				11F1D3CF2E9369EC008E5DB4 /* Products */,
			);
			sourceTree = "<group>";
		};
		11F1D3CF2E9369EC008E5DB4 /* Products */ = {
			isa = PBXGroup;
			children = (
				11F1D3CE2E9369EC008E5DB4 /* bronivate.app */,
				11F1D3DB2E9369EE008E5DB4 /* bronivateTests.xctest */,
				11F1D3E52E9369EE008E5DB4 /* bronivateUITests.xctest */,
				117E21FD2E942B4D00C96685 /* quote-widgetExtension.appex */,
			);
			name = Products;
			sourceTree = "<group>";
		};
		11F1D3FD2E936C9D008E5DB4 /* Frameworks */ = {
			isa = PBXGroup;
			children = (
				11F1D3FE2E936C9D008E5DB4 /* WidgetKit.framework */,
				11F1D4002E936C9D008E5DB4 /* SwiftUI.framework */,
			);
			name = Frameworks;
			sourceTree = "<group>";
		};
/* End PBXGroup section */

/* Begin PBXNativeTarget section */
		117E21FC2E942B4D00C96685 /* quote-widgetExtension */ = {
			isa = PBXNativeTarget;
			buildConfigurationList = 117E22122E942B4F00C96685 /* Build configuration list for PBXNativeTarget "quote-widgetExtension" */;
			buildPhases = (
				117E21F92E942B4D00C96685 /* Sources */,
				117E21FA2E942B4D00C96685 /* Frameworks */,
				117E21FB2E942B4D00C96685 /* Resources */,
			);
			buildRules = (
			);
			dependencies = (
			);
			fileSystemSynchronizedGroups = (
				117E22002E942B4D00C96685 /* quote-widget */,
			);
			name = "quote-widgetExtension";
			packageProductDependencies = (
			);
			productName = "quote-widgetExtension";
			productReference = 117E21FD2E942B4D00C96685 /* quote-widgetExtension.appex */;
			productType = "com.apple.product-type.app-extension";
		};
		11F1D3CD2E9369EC008E5DB4 /* bronivate */ = {
			isa = PBXNativeTarget;
			buildConfigurationList = 11F1D3EF2E9369EE008E5DB4 /* Build configuration list for PBXNativeTarget "bronivate" */;
			buildPhases = (
				11F1D3CA2E9369EC008E5DB4 /* Sources */,
				11F1D3CB2E9369EC008E5DB4 /* Frameworks */,
				11F1D3CC2E9369EC008E5DB4 /* Resources */,
				11F1D4172E936C9F008E5DB4 /* Embed Foundation Extensions */,
			);
			buildRules = (
			);
			dependencies = (
				117E220F2E942B4F00C96685 /* PBXTargetDependency */,
			);
			fileSystemSynchronizedGroups = (
				11F1D3D02E9369EC008E5DB4 /* bronivate */,
			);
			name = bronivate;
			packageProductDependencies = (
			);
			productName = bronivate;
			productReference = 11F1D3CE2E9369EC008E5DB4 /* bronivate.app */;
			productType = "com.apple.product-type.application";
		};
		11F1D3DA2E9369EE008E5DB4 /* bronivateTests */ = {
			isa = PBXNativeTarget;
			buildConfigurationList = 11F1D3F22E9369EE008E5DB4 /* Build configuration list for PBXNativeTarget "bronivateTests" */;
			buildPhases = (
				11F1D3D72E9369EE008E5DB4 /* Sources */,
				11F1D3D82E9369EE008E5DB4 /* Frameworks */,
				11F1D3D92E9369EE008E5DB4 /* Resources */,
			);
			buildRules = (
			);
			dependencies = (
				11F1D3DD2E9369EE008E5DB4 /* PBXTargetDependency */,
			);
			fileSystemSynchronizedGroups = (
				11F1D3DE2E9369EE008E5DB4 /* bronivateTests */,
			);
			name = bronivateTests;
			packageProductDependencies = (
			);
			productName = bronivateTests;
			productReference = 11F1D3DB2E9369EE008E5DB4 /* bronivateTests.xctest */;
			productType = "com.apple.product-type.bundle.unit-test";
		};
		11F1D3E42E9369EE008E5DB4 /* bronivateUITests */ = {
			isa = PBXNativeTarget;
			buildConfigurationList = 11F1D3F52E9369EE008E5DB4 /* Build configuration list for PBXNativeTarget "bronivateUITests" */;
			buildPhases = (
				11F1D3E12E9369EE008E5DB4 /* Sources */,
				11F1D3E22E9369EE008E5DB4 /* Frameworks */,
				11F1D3E32E9369EE008E5DB4 /* Resources */,
			);
			buildRules = (
			);
			dependencies = (
				11F1D3E72E9369EE008E5DB4 /* PBXTargetDependency */,
			);
			fileSystemSynchronizedGroups = (
				11F1D3E82E9369EE008E5DB4 /* bronivateUITests */,
			);
			name = bronivateUITests;
			packageProductDependencies = (
			);
			productName = bronivateUITests;
			productReference = 11F1D3E52E9369EE008E5DB4 /* bronivateUITests.xctest */;
			productType = "com.apple.product-type.bundle.ui-testing";
		};
/* End PBXNativeTarget section */

/* Begin PBXProject section */
		11F1D3C62E9369EB008E5DB4 /* Project object */ = {
			isa = PBXProject;
			attributes = {
				BuildIndependentTargetsInParallel = 1;
				LastSwiftUpdateCheck = 2600;
				LastUpgradeCheck = 2600;
				TargetAttributes = {
					117E21FC2E942B4D00C96685 = {
						CreatedOnToolsVersion = 26.0.1;
					};
					11F1D3CD2E9369EC008E5DB4 = {
						CreatedOnToolsVersion = 26.0.1;
					};
					11F1D3DA2E9369EE008E5DB4 = {
						CreatedOnToolsVersion = 26.0.1;
						TestTargetID = 11F1D3CD2E9369EC008E5DB4;
					};
					11F1D3E42E9369EE008E5DB4 = {
						CreatedOnToolsVersion = 26.0.1;
						TestTargetID = 11F1D3CD2E9369EC008E5DB4;
					};
				};
			};
			buildConfigurationList = 11F1D3C92E9369EB008E5DB4 /* Build configuration list for PBXProject "bronivate" */;
			developmentRegion = en;
			hasScannedForEncodings = 0;
			knownRegions = (
				en,
				Base,
			);
			mainGroup = 11F1D3C52E9369EB008E5DB4;
			minimizedProjectReferenceProxies = 1;
			preferredProjectObjectVersion = 77;
			productRefGroup = 11F1D3CF2E9369EC008E5DB4 /* Products */;
			projectDirPath = "";
			projectRoot = "";
			targets = (
				11F1D3CD2E9369EC008E5DB4 /* bronivate */,
				11F1D3DA2E9369EE008E5DB4 /* bronivateTests */,
				11F1D3E42E9369EE008E5DB4 /* bronivateUITests */,
				117E21FC2E942B4D00C96685 /* quote-widgetExtension */,
			);
		};
/* End PBXProject section */

/* Begin PBXResourcesBuildPhase section */
		117E21FB2E942B4D00C96685 /* Resources */ = {
			isa = PBXResourcesBuildPhase;
			buildActionMask = 2147483647;
			files = (
			);
			runOnlyForDeploymentPostprocessing = 0;
		};
		11F1D3CC2E9369EC008E5DB4 /* Resources */ = {
			isa = PBXResourcesBuildPhase;
			buildActionMask = 2147483647;
			files = (
			);
			runOnlyForDeploymentPostprocessing = 0;
		};
		11F1D3D92E9369EE008E5DB4 /* Resources */ = {
			isa = PBXResourcesBuildPhase;
			buildActionMask = 2147483647;
			files = (
			);
			runOnlyForDeploymentPostprocessing = 0;
		};
		11F1D3E32E9369EE008E5DB4 /* Resources */ = {
			isa = PBXResourcesBuildPhase;
			buildActionMask = 2147483647;
			files = (
			);
			runOnlyForDeploymentPostprocessing = 0;
		};
/* End PBXResourcesBuildPhase section */

/* Begin PBXSourcesBuildPhase section */
		117E21F92E942B4D00C96685 /* Sources */ = {
			isa = PBXSourcesBuildPhase;
			buildActionMask = 2147483647;
			files = (
			);
			runOnlyForDeploymentPostprocessing = 0;
		};
		11F1D3CA2E9369EC008E5DB4 /* Sources */ = {
			isa = PBXSourcesBuildPhase;
			buildActionMask = 2147483647;
			files = (
			);
			runOnlyForDeploymentPostprocessing = 0;
		};
		11F1D3D72E9369EE008E5DB4 /* Sources */ = {
			isa = PBXSourcesBuildPhase;
			buildActionMask = 2147483647;
			files = (
			);
			runOnlyForDeploymentPostprocessing = 0;
		};
		11F1D3E12E9369EE008E5DB4 /* Sources */ = {
			isa = PBXSourcesBuildPhase;
			buildActionMask = 2147483647;
			files = (
			);
			runOnlyForDeploymentPostprocessing = 0;
		};
/* End PBXSourcesBuildPhase section */

/* Begin PBXTargetDependency section */
		117E220F2E942B4F00C96685 /* PBXTargetDependency */ = {
			isa = PBXTargetDependency;
			target = 117E21FC2E942B4D00C96685 /* quote-widgetExtension */;
			targetProxy = 117E220E2E942B4F00C96685 /* PBXContainerItemProxy */;
		};
		11F1D3DD2E9369EE008E5DB4 /* PBXTargetDependency */ = {
			isa = PBXTargetDependency;
			target = 11F1D3CD2E9369EC008E5DB4 /* bronivate */;
			targetProxy = 11F1D3DC2E9369EE008E5DB4 /* PBXContainerItemProxy */;
		};
		11F1D3E72E9369EE008E5DB4 /* PBXTargetDependency */ = {
			isa = PBXTargetDependency;
			target = 11F1D3CD2E9369EC008E5DB4 /* bronivate */;
			targetProxy = 11F1D3E62E9369EE008E5DB4 /* PBXContainerItemProxy */;
		};
/* End PBXTargetDependency section */

/* Begin XCBuildConfiguration section */
		117E22132E942B4F00C96685 /* Debug */ = {
			isa = XCBuildConfiguration;
			buildSettings = {
				ASSETCATALOG_COMPILER_GLOBAL_ACCENT_COLOR_NAME = AccentColor;
				ASSETCATALOG_COMPILER_WIDGET_BACKGROUND_COLOR_NAME = WidgetBackground;
				CODE_SIGN_ENTITLEMENTS = "quote-widgetExtension.entitlements";
				CODE_SIGN_STYLE = Automatic;
				CURRENT_PROJECT_VERSION = 1;
				DEVELOPMENT_TEAM = 67QJ56465B;
				GENERATE_INFOPLIST_FILE = YES;
				INFOPLIST_FILE = "quote-widget/Info.plist";
				INFOPLIST_KEY_CFBundleDisplayName = "quote-widget";
				INFOPLIST_KEY_NSHumanReadableCopyright = "";
				LD_RUNPATH_SEARCH_PATHS = (
					"$(inherited)",
					"@executable_path/Frameworks",
					"@executable_path/../../Frameworks",
				);
				MARKETING_VERSION = 1.0;
				PRODUCT_BUNDLE_IDENTIFIER = "com.asehm.bronivate.motivate-quote-widget";
				PRODUCT_NAME = "$(TARGET_NAME)";
				SKIP_INSTALL = YES;
				STRING_CATALOG_GENERATE_SYMBOLS = YES;
				SWIFT_APPROACHABLE_CONCURRENCY = YES;
				SWIFT_EMIT_LOC_STRINGS = YES;
				SWIFT_UPCOMING_FEATURE_MEMBER_IMPORT_VISIBILITY = YES;
				SWIFT_VERSION = 5.0;
				TARGETED_DEVICE_FAMILY = "1,2";
			};
			name = Debug;
		};
		117E22142E942B4F00C96685 /* Release */ = {
			isa = XCBuildConfiguration;
			buildSettings = {
				ASSETCATALOG_COMPILER_GLOBAL_ACCENT_COLOR_NAME = AccentColor;
				ASSETCATALOG_COMPILER_WIDGET_BACKGROUND_COLOR_NAME = WidgetBackground;
				CODE_SIGN_ENTITLEMENTS = "quote-widgetExtension.entitlements";
				CODE_SIGN_STYLE = Automatic;
				CURRENT_PROJECT_VERSION = 1;
				DEVELOPMENT_TEAM = 67QJ56465B;
				GENERATE_INFOPLIST_FILE = YES;
				INFOPLIST_FILE = "quote-widget/Info.plist";
				INFOPLIST_KEY_CFBundleDisplayName = "quote-widget";
				INFOPLIST_KEY_NSHumanReadableCopyright = "";
				LD_RUNPATH_SEARCH_PATHS = (
					"$(inherited)",
					"@executable_path/Frameworks",
					"@executable_path/../../Frameworks",
				);
				MARKETING_VERSION = 1.0;
				PRODUCT_BUNDLE_IDENTIFIER = "com.asehm.bronivate.motivate-quote-widget";
				PRODUCT_NAME = "$(TARGET_NAME)";
				SKIP_INSTALL = YES;
				STRING_CATALOG_GENERATE_SYMBOLS = YES;
				SWIFT_APPROACHABLE_CONCURRENCY = YES;
				SWIFT_EMIT_LOC_STRINGS = YES;
				SWIFT_UPCOMING_FEATURE_MEMBER_IMPORT_VISIBILITY = YES;
				SWIFT_VERSION = 5.0;
				TARGETED_DEVICE_FAMILY = "1,2";
			};
			name = Release;
		};
		11F1D3ED2E9369EE008E5DB4 /* Debug */ = {
			isa = XCBuildConfiguration;
			buildSettings = {
				ALWAYS_SEARCH_USER_PATHS = NO;
				ASSETCATALOG_COMPILER_GENERATE_SWIFT_ASSET_SYMBOL_EXTENSIONS = YES;
				CLANG_ANALYZER_NONNULL = YES;
				CLANG_ANALYZER_NUMBER_OBJECT_CONVERSION = YES_AGGRESSIVE;
				CLANG_CXX_LANGUAGE_STANDARD = "gnu++20";
				CLANG_ENABLE_MODULES = YES;
				CLANG_ENABLE_OBJC_ARC = YES;
				CLANG_ENABLE_OBJC_WEAK = YES;
				CLANG_WARN_BLOCK_CAPTURE_AUTORELEASING = YES;
				CLANG_WARN_BOOL_CONVERSION = YES;
				CLANG_WARN_COMMA = YES;
				CLANG_WARN_CONSTANT_CONVERSION = YES;
				CLANG_WARN_DEPRECATED_OBJC_IMPLEMENTATIONS = YES;
				CLANG_WARN_DIRECT_OBJC_ISA_USAGE = YES_ERROR;
				CLANG_WARN_DOCUMENTATION_COMMENTS = YES;
				CLANG_WARN_EMPTY_BODY = YES;
				CLANG_WARN_ENUM_CONVERSION = YES;
				CLANG_WARN_INFINITE_RECURSION = YES;
				CLANG_WARN_INT_CONVERSION = YES;
				CLANG_WARN_NON_LITERAL_NULL_CONVERSION = YES;
				CLANG_WARN_OBJC_IMPLICIT_RETAIN_SELF = YES;
				CLANG_WARN_OBJC_LITERAL_CONVERSION = YES;
				CLANG_WARN_OBJC_ROOT_CLASS = YES_ERROR;
				CLANG_WARN_QUOTED_INCLUDE_IN_FRAMEWORK_HEADER = YES;
				CLANG_WARN_RANGE_LOOP_ANALYSIS = YES;
				CLANG_WARN_STRICT_PROTOTYPES = YES;
				CLANG_WARN_SUSPICIOUS_MOVE = YES;
				CLANG_WARN_UNGUARDED_AVAILABILITY = YES_AGGRESSIVE;
				CLANG_WARN_UNREACHABLE_CODE = YES;
				CLANG_WARN__DUPLICATE_METHOD_MATCH = YES;
				COPY_PHASE_STRIP = NO;
				DEBUG_INFORMATION_FORMAT = dwarf;
				ENABLE_STRICT_OBJC_MSGSEND = YES;
				ENABLE_TESTABILITY = YES;
				ENABLE_USER_SCRIPT_SANDBOXING = YES;
				GCC_C_LANGUAGE_STANDARD = gnu17;
				GCC_DYNAMIC_NO_PIC = NO;
				GCC_NO_COMMON_BLOCKS = YES;
				GCC_OPTIMIZATION_LEVEL = 0;
				GCC_PREPROCESSOR_DEFINITIONS = (
					"DEBUG=1",
					"$(inherited)",
				);
				GCC_WARN_64_TO_32_BIT_CONVERSION = YES;
				GCC_WARN_ABOUT_RETURN_TYPE = YES_ERROR;
				GCC_WARN_UNDECLARED_SELECTOR = YES;
				GCC_WARN_UNINITIALIZED_AUTOS = YES_AGGRESSIVE;
				GCC_WARN_UNUSED_FUNCTION = YES;
				GCC_WARN_UNUSED_VARIABLE = YES;
				IPHONEOS_DEPLOYMENT_TARGET = 26.0;
				LOCALIZATION_PREFERS_STRING_CATALOGS = YES;
				MTL_ENABLE_DEBUG_INFO = INCLUDE_SOURCE;
				MTL_FAST_MATH = YES;
				ONLY_ACTIVE_ARCH = YES;
				SDKROOT = iphoneos;
				SWIFT_ACTIVE_COMPILATION_CONDITIONS = "DEBUG $(inherited)";
				SWIFT_OPTIMIZATION_LEVEL = "-Onone";
			};
			name = Debug;
		};
		11F1D3EE2E9369EE008E5DB4 /* Release */ = {
			isa = XCBuildConfiguration;
			buildSettings = {
				ALWAYS_SEARCH_USER_PATHS = NO;
				ASSETCATALOG_COMPILER_GENERATE_SWIFT_ASSET_SYMBOL_EXTENSIONS = YES;
				CLANG_ANALYZER_NONNULL = YES;
				CLANG_ANALYZER_NUMBER_OBJECT_CONVERSION = YES_AGGRESSIVE;
				CLANG_CXX_LANGUAGE_STANDARD = "gnu++20";
				CLANG_ENABLE_MODULES = YES;
				CLANG_ENABLE_OBJC_ARC = YES;
				CLANG_ENABLE_OBJC_WEAK = YES;
				CLANG_WARN_BLOCK_CAPTURE_AUTORELEASING = YES;
				CLANG_WARN_BOOL_CONVERSION = YES;
				CLANG_WARN_COMMA = YES;
				CLANG_WARN_CONSTANT_CONVERSION = YES;
				CLANG_WARN_DEPRECATED_OBJC_IMPLEMENTATIONS = YES;
				CLANG_WARN_DIRECT_OBJC_ISA_USAGE = YES_ERROR;
				CLANG_WARN_DOCUMENTATION_COMMENTS = YES;
				CLANG_WARN_EMPTY_BODY = YES;
				CLANG_WARN_ENUM_CONVERSION = YES;
				CLANG_WARN_INFINITE_RECURSION = YES;
				CLANG_WARN_INT_CONVERSION = YES;
				CLANG_WARN_NON_LITERAL_NULL_CONVERSION = YES;
				CLANG_WARN_OBJC_IMPLICIT_RETAIN_SELF = YES;
				CLANG_WARN_OBJC_LITERAL_CONVERSION = YES;
				CLANG_WARN_OBJC_ROOT_CLASS = YES_ERROR;
				CLANG_WARN_QUOTED_INCLUDE_IN_FRAMEWORK_HEADER = YES;
				CLANG_WARN_RANGE_LOOP_ANALYSIS = YES;
				CLANG_WARN_STRICT_PROTOTYPES = YES;
				CLANG_WARN_SUSPICIOUS_MOVE = YES;
				CLANG_WARN_UNGUARDED_AVAILABILITY = YES_AGGRESSIVE;
				CLANG_WARN_UNREACHABLE_CODE = YES;
				CLANG_WARN__DUPLICATE_METHOD_MATCH = YES;
				COPY_PHASE_STRIP = NO;
				DEBUG_INFORMATION_FORMAT = "dwarf-with-dsym";
				ENABLE_NS_ASSERTIONS = NO;
				ENABLE_STRICT_OBJC_MSGSEND = YES;
				ENABLE_USER_SCRIPT_SANDBOXING = YES;
				GCC_C_LANGUAGE_STANDARD = gnu17;
				GCC_NO_COMMON_BLOCKS = YES;
				GCC_WARN_64_TO_32_BIT_CONVERSION = YES;
				GCC_WARN_ABOUT_RETURN_TYPE = YES_ERROR;
				GCC_WARN_UNDECLARED_SELECTOR = YES;
				GCC_WARN_UNINITIALIZED_AUTOS = YES_AGGRESSIVE;
				GCC_WARN_UNUSED_FUNCTION = YES;
				GCC_WARN_UNUSED_VARIABLE = YES;
				IPHONEOS_DEPLOYMENT_TARGET = 26.0;
				LOCALIZATION_PREFERS_STRING_CATALOGS = YES;
				MTL_ENABLE_DEBUG_INFO = NO;
				MTL_FAST_MATH = YES;
				SDKROOT = iphoneos;
				SWIFT_COMPILATION_MODE = wholemodule;
				VALIDATE_PRODUCT = YES;
			};
			name = Release;
		};
		11F1D3F02E9369EE008E5DB4 /* Debug */ = {
			isa = XCBuildConfiguration;
			buildSettings = {
				ASSETCATALOG_COMPILER_APPICON_NAME = AppIcon;
				ASSETCATALOG_COMPILER_GLOBAL_ACCENT_COLOR_NAME = AccentColor;
				CODE_SIGN_ENTITLEMENTS = bronivate/bronivate.entitlements;
				CODE_SIGN_STYLE = Automatic;
				CURRENT_PROJECT_VERSION = 1;
				DEVELOPMENT_TEAM = 67QJ56465B;
				ENABLE_PREVIEWS = YES;
				GENERATE_INFOPLIST_FILE = YES;
				INFOPLIST_KEY_UIApplicationSceneManifest_Generation = YES;
				INFOPLIST_KEY_UIApplicationSupportsIndirectInputEvents = YES;
				INFOPLIST_KEY_UILaunchScreen_Generation = YES;
				INFOPLIST_KEY_UISupportedInterfaceOrientations_iPad = "UIInterfaceOrientationPortrait UIInterfaceOrientationPortraitUpsideDown UIInterfaceOrientationLandscapeLeft UIInterfaceOrientationLandscapeRight";
				INFOPLIST_KEY_UISupportedInterfaceOrientations_iPhone = "UIInterfaceOrientationPortrait UIInterfaceOrientationLandscapeLeft UIInterfaceOrientationLandscapeRight";
				LD_RUNPATH_SEARCH_PATHS = (
					"$(inherited)",
					"@executable_path/Frameworks",
				);
				MARKETING_VERSION = 1.0;
				PRODUCT_BUNDLE_IDENTIFIER = com.asehm.bronivate;
				PRODUCT_NAME = "$(TARGET_NAME)";
				STRING_CATALOG_GENERATE_SYMBOLS = YES;
				SWIFT_APPROACHABLE_CONCURRENCY = YES;
				SWIFT_DEFAULT_ACTOR_ISOLATION = MainActor;
				SWIFT_EMIT_LOC_STRINGS = YES;
				SWIFT_UPCOMING_FEATURE_MEMBER_IMPORT_VISIBILITY = YES;
				SWIFT_VERSION = 5.0;
				TARGETED_DEVICE_FAMILY = "1,2";
			};
			name = Debug;
		};
		11F1D3F12E9369EE008E5DB4 /* Release */ = {
			isa = XCBuildConfiguration;
			buildSettings = {
				ASSETCATALOG_COMPILER_APPICON_NAME = AppIcon;
				ASSETCATALOG_COMPILER_GLOBAL_ACCENT_COLOR_NAME = AccentColor;
				CODE_SIGN_ENTITLEMENTS = bronivate/bronivate.entitlements;
				CODE_SIGN_STYLE = Automatic;
				CURRENT_PROJECT_VERSION = 1;
				DEVELOPMENT_TEAM = 67QJ56465B;
				ENABLE_PREVIEWS = YES;
				GENERATE_INFOPLIST_FILE = YES;
				INFOPLIST_KEY_UIApplicationSceneManifest_Generation = YES;
				INFOPLIST_KEY_UIApplicationSupportsIndirectInputEvents = YES;
				INFOPLIST_KEY_UILaunchScreen_Generation = YES;
				INFOPLIST_KEY_UISupportedInterfaceOrientations_iPad = "UIInterfaceOrientationPortrait UIInterfaceOrientationPortraitUpsideDown UIInterfaceOrientationLandscapeLeft UIInterfaceOrientationLandscapeRight";
				INFOPLIST_KEY_UISupportedInterfaceOrientations_iPhone = "UIInterfaceOrientationPortrait UIInterfaceOrientationLandscapeLeft UIInterfaceOrientationLandscapeRight";
				LD_RUNPATH_SEARCH_PATHS = (
					"$(inherited)",
					"@executable_path/Frameworks",
				);
				MARKETING_VERSION = 1.0;
				PRODUCT_BUNDLE_IDENTIFIER = com.asehm.bronivate;
				PRODUCT_NAME = "$(TARGET_NAME)";
				STRING_CATALOG_GENERATE_SYMBOLS = YES;
				SWIFT_APPROACHABLE_CONCURRENCY = YES;
				SWIFT_DEFAULT_ACTOR_ISOLATION = MainActor;
				SWIFT_EMIT_LOC_STRINGS = YES;
				SWIFT_UPCOMING_FEATURE_MEMBER_IMPORT_VISIBILITY = YES;
				SWIFT_VERSION = 5.0;
				TARGETED_DEVICE_FAMILY = "1,2";
			};
			name = Release;
		};
		11F1D3F32E9369EE008E5DB4 /* Debug */ = {
			isa = XCBuildConfiguration;
			buildSettings = {
				BUNDLE_LOADER = "$(TEST_HOST)";
				CODE_SIGN_STYLE = Automatic;
				CURRENT_PROJECT_VERSION = 1;
				GENERATE_INFOPLIST_FILE = YES;
				IPHONEOS_DEPLOYMENT_TARGET = 26.0;
				MARKETING_VERSION = 1.0;
				PRODUCT_BUNDLE_IDENTIFIER = com.asehm.bronivateTests;
				PRODUCT_NAME = "$(TARGET_NAME)";
				STRING_CATALOG_GENERATE_SYMBOLS = NO;
				SWIFT_APPROACHABLE_CONCURRENCY = YES;
				SWIFT_EMIT_LOC_STRINGS = NO;
				SWIFT_UPCOMING_FEATURE_MEMBER_IMPORT_VISIBILITY = YES;
				SWIFT_VERSION = 5.0;
				TARGETED_DEVICE_FAMILY = "1,2";
				TEST_HOST = "$(BUILT_PRODUCTS_DIR)/bronivate.app/$(BUNDLE_EXECUTABLE_FOLDER_PATH)/bronivate";
			};
			name = Debug;
		};
		11F1D3F42E9369EE008E5DB4 /* Release */ = {
			isa = XCBuildConfiguration;
			buildSettings = {
				BUNDLE_LOADER = "$(TEST_HOST)";
				CODE_SIGN_STYLE = Automatic;
				CURRENT_PROJECT_VERSION = 1;
				GENERATE_INFOPLIST_FILE = YES;
				IPHONEOS_DEPLOYMENT_TARGET = 26.0;
				MARKETING_VERSION = 1.0;
				PRODUCT_BUNDLE_IDENTIFIER = com.asehm.bronivateTests;
				PRODUCT_NAME = "$(TARGET_NAME)";
				STRING_CATALOG_GENERATE_SYMBOLS = NO;
				SWIFT_APPROACHABLE_CONCURRENCY = YES;
				SWIFT_EMIT_LOC_STRINGS = NO;
				SWIFT_UPCOMING_FEATURE_MEMBER_IMPORT_VISIBILITY = YES;
				SWIFT_VERSION = 5.0;
				TARGETED_DEVICE_FAMILY = "1,2";
				TEST_HOST = "$(BUILT_PRODUCTS_DIR)/bronivate.app/$(BUNDLE_EXECUTABLE_FOLDER_PATH)/bronivate";
			};
			name = Release;
		};
		11F1D3F62E9369EE008E5DB4 /* Debug */ = {
			isa = XCBuildConfiguration;
			buildSettings = {
				CODE_SIGN_STYLE = Automatic;
				CURRENT_PROJECT_VERSION = 1;
				GENERATE_INFOPLIST_FILE = YES;
				MARKETING_VERSION = 1.0;
				PRODUCT_BUNDLE_IDENTIFIER = com.asehm.bronivateUITests;
				PRODUCT_NAME = "$(TARGET_NAME)";
				STRING_CATALOG_GENERATE_SYMBOLS = NO;
				SWIFT_APPROACHABLE_CONCURRENCY = YES;
				SWIFT_EMIT_LOC_STRINGS = NO;
				SWIFT_UPCOMING_FEATURE_MEMBER_IMPORT_VISIBILITY = YES;
				SWIFT_VERSION = 5.0;
				TARGETED_DEVICE_FAMILY = "1,2";
				TEST_TARGET_NAME = bronivate;
			};
			name = Debug;
		};
		11F1D3F72E9369EE008E5DB4 /* Release */ = {
			isa = XCBuildConfiguration;
			buildSettings = {
				CODE_SIGN_STYLE = Automatic;
				CURRENT_PROJECT_VERSION = 1;
				GENERATE_INFOPLIST_FILE = YES;
				MARKETING_VERSION = 1.0;
				PRODUCT_BUNDLE_IDENTIFIER = com.asehm.bronivateUITests;
				PRODUCT_NAME = "$(TARGET_NAME)";
				STRING_CATALOG_GENERATE_SYMBOLS = NO;
				SWIFT_APPROACHABLE_CONCURRENCY = YES;
				SWIFT_EMIT_LOC_STRINGS = NO;
				SWIFT_UPCOMING_FEATURE_MEMBER_IMPORT_VISIBILITY = YES;
				SWIFT_VERSION = 5.0;
				TARGETED_DEVICE_FAMILY = "1,2";
				TEST_TARGET_NAME = bronivate;
			};
			name = Release;
		};
/* End XCBuildConfiguration section */

/* Begin XCConfigurationList section */
		117E22122E942B4F00C96685 /* Build configuration list for PBXNativeTarget "quote-widgetExtension" */ = {
			isa = XCConfigurationList;
			buildConfigurations = (
				117E22132E942B4F00C96685 /* Debug */,
				117E22142E942B4F00C96685 /* Release */,
			);
			defaultConfigurationIsVisible = 0;
			defaultConfigurationName = Release;
		};
		11F1D3C92E9369EB008E5DB4 /* Build configuration list for PBXProject "bronivate" */ = {
			isa = XCConfigurationList;
			buildConfigurations = (
				11F1D3ED2E9369EE008E5DB4 /* Debug */,
				11F1D3EE2E9369EE008E5DB4 /* Release */,
			);
			defaultConfigurationIsVisible = 0;
			defaultConfigurationName = Release;
		};
		11F1D3EF2E9369EE008E5DB4 /* Build configuration list for PBXNativeTarget "bronivate" */ = {
			isa = XCConfigurationList;
			buildConfigurations = (
				11F1D3F02E9369EE008E5DB4 /* Debug */,
				11F1D3F12E9369EE008E5DB4 /* Release */,
			);
			defaultConfigurationIsVisible = 0;
			defaultConfigurationName = Release;
		};
		11F1D3F22E9369EE008E5DB4 /* Build configuration list for PBXNativeTarget "bronivateTests" */ = {
			isa = XCConfigurationList;
			buildConfigurations = (
				11F1D3F32E9369EE008E5DB4 /* Debug */,
				11F1D3F42E9369EE008E5DB4 /* Release */,
			);
			defaultConfigurationIsVisible = 0;
			defaultConfigurationName = Release;
		};
		11F1D3F52E9369EE008E5DB4 /* Build configuration list for PBXNativeTarget "bronivateUITests" */ = {
			isa = XCConfigurationList;
			buildConfigurations = (
				11F1D3F62E9369EE008E5DB4 /* Debug */,
				11F1D3F72E9369EE008E5DB4 /* Release */,
			);
			defaultConfigurationIsVisible = 0;
			defaultConfigurationName = Release;
		};
/* End XCConfigurationList section */
	};
	rootObject = 11F1D3C62E9369EB008E5DB4 /* Project object */;
}
